
Microsoft Visual Studio Solution File, Format Version 12.00
# Visual Studio Version 17
VisualStudioVersion = 17.14.36212.18 d17.14
MinimumVisualStudioVersion = 10.0.40219.1
Project("{FAE04EC0-301F-11D3-BF4B-00C04F79EFBC}") = "cs2-isyancilar", "cs2-isyancilar.csproj", "{9574364A-BC55-4EAF-9061-0918201D80B8}"
EndProject
Global
	GlobalSection(SolutionConfigurationPlatforms) = preSolution
		Debug|Any CPU = Debug|Any CPU
		Release|Any CPU = Release|Any CPU
	EndGlobalSection
	GlobalSection(ProjectConfigurationPlatforms) = postSolution
		{9574364A-BC55-4EAF-9061-0918201D80B8}.Debug|Any CPU.ActiveCfg = Debug|Any CPU
		{9574364A-BC55-4EAF-9061-0918201D80B8}.Debug|Any CPU.Build.0 = Debug|Any CPU
		{9574364A-BC55-4EAF-9061-0918201D80B8}.Release|Any CPU.ActiveCfg = Release|Any CPU
		{9574364A-BC55-4EAF-9061-0918201D80B8}.Release|Any CPU.Build.0 = Release|Any CPU
	EndGlobalSection
	GlobalSection(SolutionProperties) = preSolution
		HideSolutionNode = FALSE
	EndGlobalSection
	GlobalSection(ExtensibilityGlobals) = postSolution
		SolutionGuid = {24F3CEAC-714E-4CFB-9F7A-6885FAB8859A}
	EndGlobalSection
EndGlobal
